
Microsoft Visual Studio Solution File, Format Version 12.00
# Visual Studio Version 17
VisualStudioVersion = 17.11.35327.3
MinimumVisualStudioVersion = 10.0.40219.1
Project("{FAE04EC0-301F-11D3-BF4B-00C04F79EFBC}") = "BlazorApp1", "BlazorApp1\BlazorApp1.csproj", "{A3D4A2ED-C5A7-4B6C-B3D4-DF87EE1CD689}"
EndProject
Global
	GlobalSection(SolutionConfigurationPlatforms) = preSolution
		Debug|Any CPU = Debug|Any CPU
		Release|Any CPU = Release|Any CPU
	EndGlobalSection
	GlobalSection(ProjectConfigurationPlatforms) = postSolution
		{A3D4A2ED-C5A7-4B6C-B3D4-DF87EE1CD689}.Debug|Any CPU.ActiveCfg = Debug|Any CPU
		{A3D4A2ED-C5A7-4B6C-B3D4-DF87EE1CD689}.Debug|Any CPU.Build.0 = Debug|Any CPU
		{A3D4A2ED-C5A7-4B6C-B3D4-DF87EE1CD689}.Release|Any CPU.ActiveCfg = Release|Any CPU
		{A3D4A2ED-C5A7-4B6C-B3D4-DF87EE1CD689}.Release|Any CPU.Build.0 = Release|Any CPU
	EndGlobalSection
	GlobalSection(SolutionProperties) = preSolution
		HideSolutionNode = FALSE
	EndGlobalSection
	GlobalSection(ExtensibilityGlobals) = postSolution
		SolutionGuid = {C224029A-D568-40C8-908B-BFC918455BFD}
	EndGlobalSection
EndGlobal
